// !$*UTF8*$!
{
	archiveVersion = 1;
	classes = {
	};
	objectVersion = 48;
	objects = {

/* Begin PBXBuildFile section */
		2718228B200FECFA00661A32 /* LoginController.swift in Sources */ = {isa = PBXBuildFile; fileRef = 2718228A200FECFA00661A32 /* LoginController.swift */; };
		27805F0C1F75934B00394D4C /* AppDelegate.swift in Sources */ = {isa = PBXBuildFile; fileRef = 27805F0B1F75934B00394D4C /* AppDelegate.swift */; };
		27805F0E1F75934B00394D4C /* SignUpController.swift in Sources */ = {isa = PBXBuildFile; fileRef = 27805F0D1F75934B00394D4C /* SignUpController.swift */; };
		27805F111F75934B00394D4C /* Main.storyboard in Resources */ = {isa = PBXBuildFile; fileRef = 27805F0F1F75934B00394D4C /* Main.storyboard */; };
		27805F131F75934B00394D4C /* Assets.xcassets in Resources */ = {isa = PBXBuildFile; fileRef = 27805F121F75934B00394D4C /* Assets.xcassets */; };
		27805F161F75934B00394D4C /* LaunchScreen.storyboard in Resources */ = {isa = PBXBuildFile; fileRef = 27805F141F75934B00394D4C /* LaunchScreen.storyboard */; };
		279866121FFBE43A00475925 /* MainTabBarController.swift in Sources */ = {isa = PBXBuildFile; fileRef = 279866111FFBE43A00475925 /* MainTabBarController.swift */; };
		279866141FFBE59400475925 /* UserProfileController.swift in Sources */ = {isa = PBXBuildFile; fileRef = 279866131FFBE59400475925 /* UserProfileController.swift */; };
		279866171FFD4E9E00475925 /* UserProfileHeader.swift in Sources */ = {isa = PBXBuildFile; fileRef = 279866161FFD4E9E00475925 /* UserProfileHeader.swift */; };
		279CF40E1F79AED800B5A583 /* Extensions.swift in Sources */ = {isa = PBXBuildFile; fileRef = 279CF40D1F79AED800B5A583 /* Extensions.swift */; };
		279CF4101F79BC2A00B5A583 /* GoogleService-Info.plist in Resources */ = {isa = PBXBuildFile; fileRef = 279CF40F1F79B56700B5A583 /* GoogleService-Info.plist */; };
		27D33DBF20E68B210086BF4D /* PhotSelectorController.swift in Sources */ = {isa = PBXBuildFile; fileRef = 27D33DBE20E68B210086BF4D /* PhotSelectorController.swift */; };
		91850C8AE48FFD969CE006CB /* Pods_Intagram.framework in Frameworks */ = {isa = PBXBuildFile; fileRef = 83A04D4F2E2E93A068360BC2 /* Pods_Intagram.framework */; };
/* End PBXBuildFile section */

/* Begin PBXFileReference section */
		2718228A200FECFA00661A32 /* LoginController.swift */ = {isa = PBXFileReference; lastKnownFileType = sourcecode.swift; path = LoginController.swift; sourceTree = "<group>"; };
		27805F081F75934B00394D4C /* Intagram.app */ = {isa = PBXFileReference; explicitFileType = wrapper.application; includeInIndex = 0; path = Intagram.app; sourceTree = BUILT_PRODUCTS_DIR; };
		27805F0B1F75934B00394D4C /* AppDelegate.swift */ = {isa = PBXFileReference; lastKnownFileType = sourcecode.swift; path = AppDelegate.swift; sourceTree = "<group>"; };
		27805F0D1F75934B00394D4C /* SignUpController.swift */ = {isa = PBXFileReference; lastKnownFileType = sourcecode.swift; path = SignUpController.swift; sourceTree = "<group>"; };
		27805F101F75934B00394D4C /* Base */ = {isa = PBXFileReference; lastKnownFileType = file.storyboard; name = Base; path = Base.lproj/Main.storyboard; sourceTree = "<group>"; };
		27805F121F75934B00394D4C /* Assets.xcassets */ = {isa = PBXFileReference; lastKnownFileType = folder.assetcatalog; path = Assets.xcassets; sourceTree = "<group>"; };
		27805F151F75934B00394D4C /* Base */ = {isa = PBXFileReference; lastKnownFileType = file.storyboard; name = Base; path = Base.lproj/LaunchScreen.storyboard; sourceTree = "<group>"; };
		27805F171F75934B00394D4C /* Info.plist */ = {isa = PBXFileReference; lastKnownFileType = text.plist.xml; path = Info.plist; sourceTree = "<group>"; };
		279866111FFBE43A00475925 /* MainTabBarController.swift */ = {isa = PBXFileReference; lastKnownFileType = sourcecode.swift; path = MainTabBarController.swift; sourceTree = "<group>"; };
		279866131FFBE59400475925 /* UserProfileController.swift */ = {isa = PBXFileReference; lastKnownFileType = sourcecode.swift; path = UserProfileController.swift; sourceTree = "<group>"; };
		279866161FFD4E9E00475925 /* UserProfileHeader.swift */ = {isa = PBXFileReference; lastKnownFileType = sourcecode.swift; path = UserProfileHeader.swift; sourceTree = "<group>"; };
		279CF40D1F79AED800B5A583 /* Extensions.swift */ = {isa = PBXFileReference; lastKnownFileType = sourcecode.swift; path = Extensions.swift; sourceTree = "<group>"; };
		279CF40F1F79B56700B5A583 /* GoogleService-Info.plist */ = {isa = PBXFileReference; lastKnownFileType = text.plist.xml; path = "GoogleService-Info.plist"; sourceTree = "<group>"; };
		27D33DBE20E68B210086BF4D /* PhotSelectorController.swift */ = {isa = PBXFileReference; lastKnownFileType = sourcecode.swift; path = PhotSelectorController.swift; sourceTree = "<group>"; };
		6A3C02A59AAE0DD18FE12B86 /* Pods-Intagram.debug.xcconfig */ = {isa = PBXFileReference; includeInIndex = 1; lastKnownFileType = text.xcconfig; name = "Pods-Intagram.debug.xcconfig"; path = "Pods/Target Support Files/Pods-Intagram/Pods-Intagram.debug.xcconfig"; sourceTree = "<group>"; };
		83A04D4F2E2E93A068360BC2 /* Pods_Intagram.framework */ = {isa = PBXFileReference; explicitFileType = wrapper.framework; includeInIndex = 0; path = Pods_Intagram.framework; sourceTree = BUILT_PRODUCTS_DIR; };
		A4C84DB0D19F67A8AD84393C /* Pods-Intagram.release.xcconfig */ = {isa = PBXFileReference; includeInIndex = 1; lastKnownFileType = text.xcconfig; name = "Pods-Intagram.release.xcconfig"; path = "Pods/Target Support Files/Pods-Intagram/Pods-Intagram.release.xcconfig"; sourceTree = "<group>"; };
/* End PBXFileReference section */

/* Begin PBXFrameworksBuildPhase section */
		27805F051F75934B00394D4C /* Frameworks */ = {
			isa = PBXFrameworksBuildPhase;
			buildActionMask = 2147483647;
			files = (
				91850C8AE48FFD969CE006CB /* Pods_Intagram.framework in Frameworks */,
			);
			runOnlyForDeploymentPostprocessing = 0;
		};
/* End PBXFrameworksBuildPhase section */

/* Begin PBXGroup section */
		0D8459CBCB7AAD3D080A36BD /* Pods */ = {
			isa = PBXGroup;
			children = (
				6A3C02A59AAE0DD18FE12B86 /* Pods-Intagram.debug.xcconfig */,
				A4C84DB0D19F67A8AD84393C /* Pods-Intagram.release.xcconfig */,
			);
			name = Pods;
			sourceTree = "<group>";
		};
		27182289200FECCA00661A32 /* Login */ = {
			isa = PBXGroup;
			children = (
				2718228A200FECFA00661A32 /* LoginController.swift */,
				27805F0D1F75934B00394D4C /* SignUpController.swift */,
			);
			path = Login;
			sourceTree = "<group>";
		};
		27805EFF1F75934A00394D4C = {
			isa = PBXGroup;
			children = (
				27805F0A1F75934B00394D4C /* Intagram */,
				27805F091F75934B00394D4C /* Products */,
				0D8459CBCB7AAD3D080A36BD /* Pods */,
				3639ADDCDEAD0145916E15E2 /* Frameworks */,
			);
			sourceTree = "<group>";
		};
		27805F091F75934B00394D4C /* Products */ = {
			isa = PBXGroup;
			children = (
				27805F081F75934B00394D4C /* Intagram.app */,
			);
			name = Products;
			sourceTree = "<group>";
		};
		27805F0A1F75934B00394D4C /* Intagram */ = {
			isa = PBXGroup;
			children = (
				27D33DBD20E68B0B0086BF4D /* AddPhoto */,
				27182289200FECCA00661A32 /* Login */,
				279866151FFD4E8D00475925 /* UserProfile */,
				279CF40C1F79AECE00B5A583 /* Utils */,
				27805F0B1F75934B00394D4C /* AppDelegate.swift */,
				279866111FFBE43A00475925 /* MainTabBarController.swift */,
				27805F0F1F75934B00394D4C /* Main.storyboard */,
				27805F121F75934B00394D4C /* Assets.xcassets */,
				27805F141F75934B00394D4C /* LaunchScreen.storyboard */,
				27805F171F75934B00394D4C /* Info.plist */,
				279CF40F1F79B56700B5A583 /* GoogleService-Info.plist */,
			);
			path = Intagram;
			sourceTree = "<group>";
		};
		279866151FFD4E8D00475925 /* UserProfile */ = {
			isa = PBXGroup;
			children = (
				279866131FFBE59400475925 /* UserProfileController.swift */,
				279866161FFD4E9E00475925 /* UserProfileHeader.swift */,
			);
			path = UserProfile;
			sourceTree = "<group>";
		};
		279CF40C1F79AECE00B5A583 /* Utils */ = {
			isa = PBXGroup;
			children = (
				279CF40D1F79AED800B5A583 /* Extensions.swift */,
			);
			path = Utils;
			sourceTree = "<group>";
		};
		27D33DBD20E68B0B0086BF4D /* AddPhoto */ = {
			isa = PBXGroup;
			children = (
				27D33DBE20E68B210086BF4D /* PhotSelectorController.swift */,
			);
			path = AddPhoto;
			sourceTree = "<group>";
		};
		3639ADDCDEAD0145916E15E2 /* Frameworks */ = {
			isa = PBXGroup;
			children = (
				83A04D4F2E2E93A068360BC2 /* Pods_Intagram.framework */,
			);
			name = Frameworks;
			sourceTree = "<group>";
		};
/* End PBXGroup section */

/* Begin PBXNativeTarget section */
		27805F071F75934B00394D4C /* Intagram */ = {
			isa = PBXNativeTarget;
			buildConfigurationList = 27805F1A1F75934B00394D4C /* Build configuration list for PBXNativeTarget "Intagram" */;
			buildPhases = (
				4D016DD9AA5056A6C67EF826 /* [CP] Check Pods Manifest.lock */,
				27805F041F75934B00394D4C /* Sources */,
				27805F051F75934B00394D4C /* Frameworks */,
				27805F061F75934B00394D4C /* Resources */,
				BB733ED313657301AAECFCD3 /* [CP] Embed Pods Frameworks */,
				35B3598289C932CCCAD95F6B /* [CP] Copy Pods Resources */,
			);
			buildRules = (
			);
			dependencies = (
			);
			name = Intagram;
			productName = Intagram;
			productReference = 27805F081F75934B00394D4C /* Intagram.app */;
			productType = "com.apple.product-type.application";
		};
/* End PBXNativeTarget section */

/* Begin PBXProject section */
		27805F001F75934B00394D4C /* Project object */ = {
			isa = PBXProject;
			attributes = {
				LastSwiftUpdateCheck = 0900;
				LastUpgradeCheck = 0900;
				ORGANIZATIONNAME = "Jorge Casariego";
				TargetAttributes = {
					27805F071F75934B00394D4C = {
						CreatedOnToolsVersion = 9.0;
						ProvisioningStyle = Automatic;
					};
				};
			};
			buildConfigurationList = 27805F031F75934B00394D4C /* Build configuration list for PBXProject "Intagram" */;
			compatibilityVersion = "Xcode 8.0";
			developmentRegion = en;
			hasScannedForEncodings = 0;
			knownRegions = (
				en,
				Base,
			);
			mainGroup = 27805EFF1F75934A00394D4C;
			productRefGroup = 27805F091F75934B00394D4C /* Products */;
			projectDirPath = "";
			projectRoot = "";
			targets = (
				27805F071F75934B00394D4C /* Intagram */,
			);
		};
/* End PBXProject section */

/* Begin PBXResourcesBuildPhase section */
		27805F061F75934B00394D4C /* Resources */ = {
			isa = PBXResourcesBuildPhase;
			buildActionMask = 2147483647;
			files = (
				27805F161F75934B00394D4C /* LaunchScreen.storyboard in Resources */,
				279CF4101F79BC2A00B5A583 /* GoogleService-Info.plist in Resources */,
				27805F131F75934B00394D4C /* Assets.xcassets in Resources */,
				27805F111F75934B00394D4C /* Main.storyboard in Resources */,
			);
			runOnlyForDeploymentPostprocessing = 0;
		};
/* End PBXResourcesBuildPhase section */

/* Begin PBXShellScriptBuildPhase section */
		35B3598289C932CCCAD95F6B /* [CP] Copy Pods Resources */ = {
			isa = PBXShellScriptBuildPhase;
			buildActionMask = 2147483647;
			files = (
			);
			inputPaths = (
			);
			name = "[CP] Copy Pods Resources";
			outputPaths = (
			);
			runOnlyForDeploymentPostprocessing = 0;
			shellPath = /bin/sh;
			shellScript = "\"${SRCROOT}/Pods/Target Support Files/Pods-Intagram/Pods-Intagram-resources.sh\"\n";
			showEnvVarsInLog = 0;
		};
		4D016DD9AA5056A6C67EF826 /* [CP] Check Pods Manifest.lock */ = {
			isa = PBXShellScriptBuildPhase;
			buildActionMask = 2147483647;
			files = (
			);
			inputPaths = (
			);
			name = "[CP] Check Pods Manifest.lock";
			outputPaths = (
			);
			runOnlyForDeploymentPostprocessing = 0;
			shellPath = /bin/sh;
			shellScript = "diff \"${PODS_ROOT}/../Podfile.lock\" \"${PODS_ROOT}/Manifest.lock\" > /dev/null\nif [ $? != 0 ] ; then\n    # print error to STDERR\n    echo \"error: The sandbox is not in sync with the Podfile.lock. Run 'pod install' or update your CocoaPods installation.\" >&2\n    exit 1\nfi\n";
			showEnvVarsInLog = 0;
		};
		BB733ED313657301AAECFCD3 /* [CP] Embed Pods Frameworks */ = {
			isa = PBXShellScriptBuildPhase;
			buildActionMask = 2147483647;
			files = (
			);
			inputPaths = (
			);
			name = "[CP] Embed Pods Frameworks";
			outputPaths = (
			);
			runOnlyForDeploymentPostprocessing = 0;
			shellPath = /bin/sh;
			shellScript = "\"${SRCROOT}/Pods/Target Support Files/Pods-Intagram/Pods-Intagram-frameworks.sh\"\n";
			showEnvVarsInLog = 0;
		};
/* End PBXShellScriptBuildPhase section */

/* Begin PBXSourcesBuildPhase section */
		27805F041F75934B00394D4C /* Sources */ = {
			isa = PBXSourcesBuildPhase;
			buildActionMask = 2147483647;
			files = (
				27805F0E1F75934B00394D4C /* SignUpController.swift in Sources */,
				279CF40E1F79AED800B5A583 /* Extensions.swift in Sources */,
				279866121FFBE43A00475925 /* MainTabBarController.swift in Sources */,
				279866171FFD4E9E00475925 /* UserProfileHeader.swift in Sources */,
				279866141FFBE59400475925 /* UserProfileController.swift in Sources */,
				27805F0C1F75934B00394D4C /* AppDelegate.swift in Sources */,
				2718228B200FECFA00661A32 /* LoginController.swift in Sources */,
				27D33DBF20E68B210086BF4D /* PhotSelectorController.swift in Sources */,
			);
			runOnlyForDeploymentPostprocessing = 0;
		};
/* End PBXSourcesBuildPhase section */

/* Begin PBXVariantGroup section */
		27805F0F1F75934B00394D4C /* Main.storyboard */ = {
			isa = PBXVariantGroup;
			children = (
				27805F101F75934B00394D4C /* Base */,
			);
			name = Main.storyboard;
			sourceTree = "<group>";
		};
		27805F141F75934B00394D4C /* LaunchScreen.storyboard */ = {
			isa = PBXVariantGroup;
			children = (
				27805F151F75934B00394D4C /* Base */,
			);
			name = LaunchScreen.storyboard;
			sourceTree = "<group>";
		};
/* End PBXVariantGroup section */

/* Begin XCBuildConfiguration section */
		27805F181F75934B00394D4C /* Debug */ = {
			isa = XCBuildConfiguration;
			buildSettings = {
				ALWAYS_SEARCH_USER_PATHS = NO;
				CLANG_ANALYZER_NONNULL = YES;
				CLANG_ANALYZER_NUMBER_OBJECT_CONVERSION = YES_AGGRESSIVE;
				CLANG_CXX_LANGUAGE_STANDARD = "gnu++14";
				CLANG_CXX_LIBRARY = "libc++";
				CLANG_ENABLE_MODULES = YES;
				CLANG_ENABLE_OBJC_ARC = YES;
				CLANG_WARN_BLOCK_CAPTURE_AUTORELEASING = YES;
				CLANG_WARN_BOOL_CONVERSION = YES;
				CLANG_WARN_COMMA = YES;
				CLANG_WARN_CONSTANT_CONVERSION = YES;
				CLANG_WARN_DIRECT_OBJC_ISA_USAGE = YES_ERROR;
				CLANG_WARN_DOCUMENTATION_COMMENTS = YES;
				CLANG_WARN_EMPTY_BODY = YES;
				CLANG_WARN_ENUM_CONVERSION = YES;
				CLANG_WARN_INFINITE_RECURSION = YES;
				CLANG_WARN_INT_CONVERSION = YES;
				CLANG_WARN_NON_LITERAL_NULL_CONVERSION = YES;
				CLANG_WARN_OBJC_LITERAL_CONVERSION = YES;
				CLANG_WARN_OBJC_ROOT_CLASS = YES_ERROR;
				CLANG_WARN_RANGE_LOOP_ANALYSIS = YES;
				CLANG_WARN_STRICT_PROTOTYPES = YES;
				CLANG_WARN_SUSPICIOUS_MOVE = YES;
				CLANG_WARN_UNGUARDED_AVAILABILITY = YES_AGGRESSIVE;
				CLANG_WARN_UNREACHABLE_CODE = YES;
				CLANG_WARN__DUPLICATE_METHOD_MATCH = YES;
				CODE_SIGN_IDENTITY = "iPhone Developer";
				COPY_PHASE_STRIP = NO;
				DEBUG_INFORMATION_FORMAT = dwarf;
				ENABLE_STRICT_OBJC_MSGSEND = YES;
				ENABLE_TESTABILITY = YES;
				GCC_C_LANGUAGE_STANDARD = gnu11;
				GCC_DYNAMIC_NO_PIC = NO;
				GCC_NO_COMMON_BLOCKS = YES;
				GCC_OPTIMIZATION_LEVEL = 0;
				GCC_PREPROCESSOR_DEFINITIONS = (
					"DEBUG=1",
					"$(inherited)",
				);
				GCC_WARN_64_TO_32_BIT_CONVERSION = YES;
				GCC_WARN_ABOUT_RETURN_TYPE = YES_ERROR;
				GCC_WARN_UNDECLARED_SELECTOR = YES;
				GCC_WARN_UNINITIALIZED_AUTOS = YES_AGGRESSIVE;
				GCC_WARN_UNUSED_FUNCTION = YES;
				GCC_WARN_UNUSED_VARIABLE = YES;
				IPHONEOS_DEPLOYMENT_TARGET = 11.0;
				MTL_ENABLE_DEBUG_INFO = YES;
				ONLY_ACTIVE_ARCH = YES;
				SDKROOT = iphoneos;
				SWIFT_ACTIVE_COMPILATION_CONDITIONS = DEBUG;
				SWIFT_OPTIMIZATION_LEVEL = "-Onone";
			};
			name = Debug;
		};
		27805F191F75934B00394D4C /* Release */ = {
			isa = XCBuildConfiguration;
			buildSettings = {
				ALWAYS_SEARCH_USER_PATHS = NO;
				CLANG_ANALYZER_NONNULL = YES;
				CLANG_ANALYZER_NUMBER_OBJECT_CONVERSION = YES_AGGRESSIVE;
				CLANG_CXX_LANGUAGE_STANDARD = "gnu++14";
				CLANG_CXX_LIBRARY = "libc++";
				CLANG_ENABLE_MODULES = YES;
				CLANG_ENABLE_OBJC_ARC = YES;
				CLANG_WARN_BLOCK_CAPTURE_AUTORELEASING = YES;
				CLANG_WARN_BOOL_CONVERSION = YES;
				CLANG_WARN_COMMA = YES;
				CLANG_WARN_CONSTANT_CONVERSION = YES;
				CLANG_WARN_DIRECT_OBJC_ISA_USAGE = YES_ERROR;
				CLANG_WARN_DOCUMENTATION_COMMENTS = YES;
				CLANG_WARN_EMPTY_BODY = YES;
				CLANG_WARN_ENUM_CONVERSION = YES;
				CLANG_WARN_INFINITE_RECURSION = YES;
				CLANG_WARN_INT_CONVERSION = YES;
				CLANG_WARN_NON_LITERAL_NULL_CONVERSION = YES;
				CLANG_WARN_OBJC_LITERAL_CONVERSION = YES;
				CLANG_WARN_OBJC_ROOT_CLASS = YES_ERROR;
				CLANG_WARN_RANGE_LOOP_ANALYSIS = YES;
				CLANG_WARN_STRICT_PROTOTYPES = YES;
				CLANG_WARN_SUSPICIOUS_MOVE = YES;
				CLANG_WARN_UNGUARDED_AVAILABILITY = YES_AGGRESSIVE;
				CLANG_WARN_UNREACHABLE_CODE = YES;
				CLANG_WARN__DUPLICATE_METHOD_MATCH = YES;
				CODE_SIGN_IDENTITY = "iPhone Developer";
				COPY_PHASE_STRIP = NO;
				DEBUG_INFORMATION_FORMAT = "dwarf-with-dsym";
				ENABLE_NS_ASSERTIONS = NO;
				ENABLE_STRICT_OBJC_MSGSEND = YES;
				GCC_C_LANGUAGE_STANDARD = gnu11;
				GCC_NO_COMMON_BLOCKS = YES;
				GCC_WARN_64_TO_32_BIT_CONVERSION = YES;
				GCC_WARN_ABOUT_RETURN_TYPE = YES_ERROR;
				GCC_WARN_UNDECLARED_SELECTOR = YES;
				GCC_WARN_UNINITIALIZED_AUTOS = YES_AGGRESSIVE;
				GCC_WARN_UNUSED_FUNCTION = YES;
				GCC_WARN_UNUSED_VARIABLE = YES;
				IPHONEOS_DEPLOYMENT_TARGET = 11.0;
				MTL_ENABLE_DEBUG_INFO = NO;
				SDKROOT = iphoneos;
				SWIFT_OPTIMIZATION_LEVEL = "-Owholemodule";
				VALIDATE_PRODUCT = YES;
			};
			name = Release;
		};
		27805F1B1F75934B00394D4C /* Debug */ = {
			isa = XCBuildConfiguration;
			baseConfigurationReference = 6A3C02A59AAE0DD18FE12B86 /* Pods-Intagram.debug.xcconfig */;
			buildSettings = {
				ASSETCATALOG_COMPILER_APPICON_NAME = AppIcon;
				CODE_SIGN_STYLE = Automatic;
				DEVELOPMENT_TEAM = UQGJF7PV8L;
				INFOPLIST_FILE = Intagram/Info.plist;
				LD_RUNPATH_SEARCH_PATHS = "$(inherited) @executable_path/Frameworks";
				PRODUCT_BUNDLE_IDENTIFIER = jorgecasariego.me.Intagram;
				PRODUCT_NAME = "$(TARGET_NAME)";
				SWIFT_VERSION = 4.0;
				TARGETED_DEVICE_FAMILY = "1,2";
			};
			name = Debug;
		};
		27805F1C1F75934B00394D4C /* Release */ = {
			isa = XCBuildConfiguration;
			baseConfigurationReference = A4C84DB0D19F67A8AD84393C /* Pods-Intagram.release.xcconfig */;
			buildSettings = {
				ASSETCATALOG_COMPILER_APPICON_NAME = AppIcon;
				CODE_SIGN_STYLE = Automatic;
				DEVELOPMENT_TEAM = UQGJF7PV8L;
				INFOPLIST_FILE = Intagram/Info.plist;
				LD_RUNPATH_SEARCH_PATHS = "$(inherited) @executable_path/Frameworks";
				PRODUCT_BUNDLE_IDENTIFIER = jorgecasariego.me.Intagram;
				PRODUCT_NAME = "$(TARGET_NAME)";
				SWIFT_VERSION = 4.0;
				TARGETED_DEVICE_FAMILY = "1,2";
			};
			name = Release;
		};
/* End XCBuildConfiguration section */

/* Begin XCConfigurationList section */
		27805F031F75934B00394D4C /* Build configuration list for PBXProject "Intagram" */ = {
			isa = XCConfigurationList;
			buildConfigurations = (
				27805F181F75934B00394D4C /* Debug */,
				27805F191F75934B00394D4C /* Release */,
			);
			defaultConfigurationIsVisible = 0;
			defaultConfigurationName = Release;
		};
		27805F1A1F75934B00394D4C /* Build configuration list for PBXNativeTarget "Intagram" */ = {
			isa = XCConfigurationList;
			buildConfigurations = (
				27805F1B1F75934B00394D4C /* Debug */,
				27805F1C1F75934B00394D4C /* Release */,
			);
			defaultConfigurationIsVisible = 0;
			defaultConfigurationName = Release;
		};
/* End XCConfigurationList section */
	};
	rootObject = 27805F001F75934B00394D4C /* Project object */;
}
